
Microsoft Visual Studio Solution File, Format Version 12.00
# Visual Studio Version 17
VisualStudioVersion = 17.7.34031.279
MinimumVisualStudioVersion = 10.0.40219.1
Project("{FAE04EC0-301F-11D3-BF4B-00C04F79EFBC}") = "Q21", "Q21\Q21.csproj", "{84CF391D-80DB-435A-831F-4A6E4707688B}"
EndProject
Global
	GlobalSection(SolutionConfigurationPlatforms) = preSolution
		Debug|Any CPU = Debug|Any CPU
		Release|Any CPU = Release|Any CPU
	EndGlobalSection
	GlobalSection(ProjectConfigurationPlatforms) = postSolution
		{84CF391D-80DB-435A-831F-4A6E4707688B}.Debug|Any CPU.ActiveCfg = Debug|Any CPU
		{84CF391D-80DB-435A-831F-4A6E4707688B}.Debug|Any CPU.Build.0 = Debug|Any CPU
		{84CF391D-80DB-435A-831F-4A6E4707688B}.Release|Any CPU.ActiveCfg = Release|Any CPU
		{84CF391D-80DB-435A-831F-4A6E4707688B}.Release|Any CPU.Build.0 = Release|Any CPU
	EndGlobalSection
	GlobalSection(SolutionProperties) = preSolution
		HideSolutionNode = FALSE
	EndGlobalSection
	GlobalSection(ExtensibilityGlobals) = postSolution
		SolutionGuid = {9019FA58-9C2A-47C7-8716-90F8D5B5E43A}
	EndGlobalSection
EndGlobal
