
Microsoft Visual Studio Solution File, Format Version 12.00
# Visual Studio Version 17
VisualStudioVersion = 17.7.34031.279
MinimumVisualStudioVersion = 10.0.40219.1
Project("{FAE04EC0-301F-11D3-BF4B-00C04F79EFBC}") = "Q5", "Q5\Q5.csproj", "{075288F0-DB1F-400F-94FD-328B44B12630}"
EndProject
Global
	GlobalSection(SolutionConfigurationPlatforms) = preSolution
		Debug|Any CPU = Debug|Any CPU
		Release|Any CPU = Release|Any CPU
	EndGlobalSection
	GlobalSection(ProjectConfigurationPlatforms) = postSolution
		{075288F0-DB1F-400F-94FD-328B44B12630}.Debug|Any CPU.ActiveCfg = Debug|Any CPU
		{075288F0-DB1F-400F-94FD-328B44B12630}.Debug|Any CPU.Build.0 = Debug|Any CPU
		{075288F0-DB1F-400F-94FD-328B44B12630}.Release|Any CPU.ActiveCfg = Release|Any CPU
		{075288F0-DB1F-400F-94FD-328B44B12630}.Release|Any CPU.Build.0 = Release|Any CPU
	EndGlobalSection
	GlobalSection(SolutionProperties) = preSolution
		HideSolutionNode = FALSE
	EndGlobalSection
	GlobalSection(ExtensibilityGlobals) = postSolution
		SolutionGuid = {83B51F76-85BE-40CF-93FB-EB0FB6B926B7}
	EndGlobalSection
EndGlobal
