
Microsoft Visual Studio Solution File, Format Version 12.00
# Visual Studio Version 17
VisualStudioVersion = 17.7.34031.279
MinimumVisualStudioVersion = 10.0.40219.1
Project("{FAE04EC0-301F-11D3-BF4B-00C04F79EFBC}") = "Q8", "Q8\Q8.csproj", "{8ECD17D5-DB49-4B45-A12C-BEC3F07D00BB}"
EndProject
Global
	GlobalSection(SolutionConfigurationPlatforms) = preSolution
		Debug|Any CPU = Debug|Any CPU
		Release|Any CPU = Release|Any CPU
	EndGlobalSection
	GlobalSection(ProjectConfigurationPlatforms) = postSolution
		{8ECD17D5-DB49-4B45-A12C-BEC3F07D00BB}.Debug|Any CPU.ActiveCfg = Debug|Any CPU
		{8ECD17D5-DB49-4B45-A12C-BEC3F07D00BB}.Debug|Any CPU.Build.0 = Debug|Any CPU
		{8ECD17D5-DB49-4B45-A12C-BEC3F07D00BB}.Release|Any CPU.ActiveCfg = Release|Any CPU
		{8ECD17D5-DB49-4B45-A12C-BEC3F07D00BB}.Release|Any CPU.Build.0 = Release|Any CPU
	EndGlobalSection
	GlobalSection(SolutionProperties) = preSolution
		HideSolutionNode = FALSE
	EndGlobalSection
	GlobalSection(ExtensibilityGlobals) = postSolution
		SolutionGuid = {90E64AF6-7908-41BD-AF2D-F2DA3349758F}
	EndGlobalSection
EndGlobal
